
Microsoft Visual Studio Solution File, Format Version 12.00
# Visual Studio Version 17
VisualStudioVersion = 17.5.33502.453
MinimumVisualStudioVersion = 10.0.40219.1
Project("{FAE04EC0-301F-11D3-BF4B-00C04F79EFBC}") = "MyNewApi", "MyNewApi\MyNewApi.csproj", "{7BF8273C-751E-4AF2-BEAF-7E979C1E460A}"
EndProject
Project("{FAE04EC0-301F-11D3-BF4B-00C04F79EFBC}") = "MyApiConsume", "MyApiConsume\MyApiConsume.csproj", "{78214777-D565-4A01-A188-3EE7A61422FB}"
EndProject
Global
	GlobalSection(SolutionConfigurationPlatforms) = preSolution
		Debug|Any CPU = Debug|Any CPU
		Release|Any CPU = Release|Any CPU
	EndGlobalSection
	GlobalSection(ProjectConfigurationPlatforms) = postSolution
		{7BF8273C-751E-4AF2-BEAF-7E979C1E460A}.Debug|Any CPU.ActiveCfg = Debug|Any CPU
		{7BF8273C-751E-4AF2-BEAF-7E979C1E460A}.Debug|Any CPU.Build.0 = Debug|Any CPU
		{7BF8273C-751E-4AF2-BEAF-7E979C1E460A}.Release|Any CPU.ActiveCfg = Release|Any CPU
		{7BF8273C-751E-4AF2-BEAF-7E979C1E460A}.Release|Any CPU.Build.0 = Release|Any CPU
		{78214777-D565-4A01-A188-3EE7A61422FB}.Debug|Any CPU.ActiveCfg = Debug|Any CPU
		{78214777-D565-4A01-A188-3EE7A61422FB}.Debug|Any CPU.Build.0 = Debug|Any CPU
		{78214777-D565-4A01-A188-3EE7A61422FB}.Release|Any CPU.ActiveCfg = Release|Any CPU
		{78214777-D565-4A01-A188-3EE7A61422FB}.Release|Any CPU.Build.0 = Release|Any CPU
	EndGlobalSection
	GlobalSection(SolutionProperties) = preSolution
		HideSolutionNode = FALSE
	EndGlobalSection
	GlobalSection(ExtensibilityGlobals) = postSolution
		SolutionGuid = {08FFFB09-6DCF-4BE4-9934-F7ECED8E5101}
	EndGlobalSection
EndGlobal
